
Microsoft Visual Studio Solution File, Format Version 12.00
# Visual Studio Version 18
VisualStudioVersion = 18.2.11415.280
MinimumVisualStudioVersion = 10.0.40219.1
Project("{FAE04EC0-301F-11D3-BF4B-00C04F79EFBC}") = "KPACS.DCMClasses", "KPACS.DCMClasses\KPACS.DCMClasses.csproj", "{4D9014BC-F49D-877E-3A7D-F5F42ADEBA7A}"
EndProject
Project("{FAE04EC0-301F-11D3-BF4B-00C04F79EFBC}") = "KPACS.ShareRelay", "KPACS.ShareRelay\KPACS.ShareRelay.csproj", "{D49DEB3D-5768-F639-A446-7112FE5D6D8D}"
EndProject
Project("{FAE04EC0-301F-11D3-BF4B-00C04F79EFBC}") = "KPACS.Viewer.Avalonia", "KPACS.Viewer.Avalonia\KPACS.Viewer.Avalonia.csproj", "{143FADE2-D8D8-791A-0A9C-ECA1D41B2051}"
EndProject
Project("{FAE04EC0-301F-11D3-BF4B-00C04F79EFBC}") = "KPACS.RenderServer.Protos", "KPACS.RenderServer.Protos\KPACS.RenderServer.Protos.csproj", "{A1B2C3D4-E5F6-7890-ABCD-EF1234567890}"
EndProject
Project("{FAE04EC0-301F-11D3-BF4B-00C04F79EFBC}") = "KPACS.RenderServer", "KPACS.RenderServer\KPACS.RenderServer.csproj", "{B2C3D4E5-F6A7-8901-BCDE-F12345678901}"
EndProject
Project("{FAE04EC0-301F-11D3-BF4B-00C04F79EFBC}") = "KPACS.SDK", "KPACS.SDK\KPACS.SDK.csproj", "{924807AE-8E06-4041-A794-24E911D0F3C0}"
EndProject
Project("{FAE04EC0-301F-11D3-BF4B-00C04F79EFBC}") = "KPACS.SDK.Grpc", "KPACS.SDK.Grpc\KPACS.SDK.Grpc.csproj", "{BE6EE4FA-C47F-4EF0-BB80-1F9990D01BB1}"
EndProject
Project("{FAE04EC0-301F-11D3-BF4B-00C04F79EFBC}") = "KPACS.Viewer.Avalonia.Tests", "KPACS.Viewer.Avalonia.Tests\KPACS.Viewer.Avalonia.Tests.csproj", "{C1619696-D53F-4394-AA68-A2FF542714F3}"
EndProject
Global
	GlobalSection(SolutionConfigurationPlatforms) = preSolution
		Debug|Any CPU = Debug|Any CPU
		Debug|x64 = Debug|x64
		Debug|x86 = Debug|x86
		Release|Any CPU = Release|Any CPU
		Release|x64 = Release|x64
		Release|x86 = Release|x86
	EndGlobalSection
	GlobalSection(ProjectConfigurationPlatforms) = postSolution
		{4D9014BC-F49D-877E-3A7D-F5F42ADEBA7A}.Debug|Any CPU.ActiveCfg = Debug|Any CPU
		{4D9014BC-F49D-877E-3A7D-F5F42ADEBA7A}.Debug|Any CPU.Build.0 = Debug|Any CPU
		{4D9014BC-F49D-877E-3A7D-F5F42ADEBA7A}.Debug|x64.ActiveCfg = Debug|Any CPU
		{4D9014BC-F49D-877E-3A7D-F5F42ADEBA7A}.Debug|x64.Build.0 = Debug|Any CPU
		{4D9014BC-F49D-877E-3A7D-F5F42ADEBA7A}.Debug|x86.ActiveCfg = Debug|Any CPU
		{4D9014BC-F49D-877E-3A7D-F5F42ADEBA7A}.Debug|x86.Build.0 = Debug|Any CPU
		{4D9014BC-F49D-877E-3A7D-F5F42ADEBA7A}.Release|Any CPU.ActiveCfg = Release|Any CPU
		{4D9014BC-F49D-877E-3A7D-F5F42ADEBA7A}.Release|Any CPU.Build.0 = Release|Any CPU
		{4D9014BC-F49D-877E-3A7D-F5F42ADEBA7A}.Release|x64.ActiveCfg = Release|Any CPU
		{4D9014BC-F49D-877E-3A7D-F5F42ADEBA7A}.Release|x64.Build.0 = Release|Any CPU
		{4D9014BC-F49D-877E-3A7D-F5F42ADEBA7A}.Release|x86.ActiveCfg = Release|Any CPU
		{4D9014BC-F49D-877E-3A7D-F5F42ADEBA7A}.Release|x86.Build.0 = Release|Any CPU
		{D49DEB3D-5768-F639-A446-7112FE5D6D8D}.Debug|Any CPU.ActiveCfg = Debug|Any CPU
		{D49DEB3D-5768-F639-A446-7112FE5D6D8D}.Debug|Any CPU.Build.0 = Debug|Any CPU
		{D49DEB3D-5768-F639-A446-7112FE5D6D8D}.Debug|x64.ActiveCfg = Debug|Any CPU
		{D49DEB3D-5768-F639-A446-7112FE5D6D8D}.Debug|x64.Build.0 = Debug|Any CPU
		{D49DEB3D-5768-F639-A446-7112FE5D6D8D}.Debug|x86.ActiveCfg = Debug|Any CPU
		{D49DEB3D-5768-F639-A446-7112FE5D6D8D}.Debug|x86.Build.0 = Debug|Any CPU
		{D49DEB3D-5768-F639-A446-7112FE5D6D8D}.Release|Any CPU.ActiveCfg = Release|Any CPU
		{D49DEB3D-5768-F639-A446-7112FE5D6D8D}.Release|Any CPU.Build.0 = Release|Any CPU
		{D49DEB3D-5768-F639-A446-7112FE5D6D8D}.Release|x64.ActiveCfg = Release|Any CPU
		{D49DEB3D-5768-F639-A446-7112FE5D6D8D}.Release|x64.Build.0 = Release|Any CPU
		{D49DEB3D-5768-F639-A446-7112FE5D6D8D}.Release|x86.ActiveCfg = Release|Any CPU
		{D49DEB3D-5768-F639-A446-7112FE5D6D8D}.Release|x86.Build.0 = Release|Any CPU
		{143FADE2-D8D8-791A-0A9C-ECA1D41B2051}.Debug|Any CPU.ActiveCfg = Debug|Any CPU
		{143FADE2-D8D8-791A-0A9C-ECA1D41B2051}.Debug|Any CPU.Build.0 = Debug|Any CPU
		{143FADE2-D8D8-791A-0A9C-ECA1D41B2051}.Debug|x64.ActiveCfg = Debug|Any CPU
		{143FADE2-D8D8-791A-0A9C-ECA1D41B2051}.Debug|x64.Build.0 = Debug|Any CPU
		{143FADE2-D8D8-791A-0A9C-ECA1D41B2051}.Debug|x86.ActiveCfg = Debug|Any CPU
		{143FADE2-D8D8-791A-0A9C-ECA1D41B2051}.Debug|x86.Build.0 = Debug|Any CPU
		{143FADE2-D8D8-791A-0A9C-ECA1D41B2051}.Release|Any CPU.ActiveCfg = Release|Any CPU
		{143FADE2-D8D8-791A-0A9C-ECA1D41B2051}.Release|Any CPU.Build.0 = Release|Any CPU
		{143FADE2-D8D8-791A-0A9C-ECA1D41B2051}.Release|x64.ActiveCfg = Release|Any CPU
		{143FADE2-D8D8-791A-0A9C-ECA1D41B2051}.Release|x64.Build.0 = Release|Any CPU
		{143FADE2-D8D8-791A-0A9C-ECA1D41B2051}.Release|x86.ActiveCfg = Release|Any CPU
		{143FADE2-D8D8-791A-0A9C-ECA1D41B2051}.Release|x86.Build.0 = Release|Any CPU
		{A1B2C3D4-E5F6-7890-ABCD-EF1234567890}.Debug|Any CPU.ActiveCfg = Debug|Any CPU
		{A1B2C3D4-E5F6-7890-ABCD-EF1234567890}.Debug|Any CPU.Build.0 = Debug|Any CPU
		{A1B2C3D4-E5F6-7890-ABCD-EF1234567890}.Debug|x64.ActiveCfg = Debug|Any CPU
		{A1B2C3D4-E5F6-7890-ABCD-EF1234567890}.Debug|x64.Build.0 = Debug|Any CPU
		{A1B2C3D4-E5F6-7890-ABCD-EF1234567890}.Debug|x86.ActiveCfg = Debug|Any CPU
		{A1B2C3D4-E5F6-7890-ABCD-EF1234567890}.Debug|x86.Build.0 = Debug|Any CPU
		{A1B2C3D4-E5F6-7890-ABCD-EF1234567890}.Release|Any CPU.ActiveCfg = Release|Any CPU
		{A1B2C3D4-E5F6-7890-ABCD-EF1234567890}.Release|Any CPU.Build.0 = Release|Any CPU
		{A1B2C3D4-E5F6-7890-ABCD-EF1234567890}.Release|x64.ActiveCfg = Release|Any CPU
		{A1B2C3D4-E5F6-7890-ABCD-EF1234567890}.Release|x64.Build.0 = Release|Any CPU
		{A1B2C3D4-E5F6-7890-ABCD-EF1234567890}.Release|x86.ActiveCfg = Release|Any CPU
		{A1B2C3D4-E5F6-7890-ABCD-EF1234567890}.Release|x86.Build.0 = Release|Any CPU
		{B2C3D4E5-F6A7-8901-BCDE-F12345678901}.Debug|Any CPU.ActiveCfg = Debug|Any CPU
		{B2C3D4E5-F6A7-8901-BCDE-F12345678901}.Debug|Any CPU.Build.0 = Debug|Any CPU
		{B2C3D4E5-F6A7-8901-BCDE-F12345678901}.Debug|x64.ActiveCfg = Debug|Any CPU
		{B2C3D4E5-F6A7-8901-BCDE-F12345678901}.Debug|x64.Build.0 = Debug|Any CPU
		{B2C3D4E5-F6A7-8901-BCDE-F12345678901}.Debug|x86.ActiveCfg = Debug|Any CPU
		{B2C3D4E5-F6A7-8901-BCDE-F12345678901}.Debug|x86.Build.0 = Debug|Any CPU
		{B2C3D4E5-F6A7-8901-BCDE-F12345678901}.Release|Any CPU.ActiveCfg = Release|Any CPU
		{B2C3D4E5-F6A7-8901-BCDE-F12345678901}.Release|Any CPU.Build.0 = Release|Any CPU
		{B2C3D4E5-F6A7-8901-BCDE-F12345678901}.Release|x64.ActiveCfg = Release|Any CPU
		{B2C3D4E5-F6A7-8901-BCDE-F12345678901}.Release|x64.Build.0 = Release|Any CPU
		{B2C3D4E5-F6A7-8901-BCDE-F12345678901}.Release|x86.ActiveCfg = Release|Any CPU
		{B2C3D4E5-F6A7-8901-BCDE-F12345678901}.Release|x86.Build.0 = Release|Any CPU
		{924807AE-8E06-4041-A794-24E911D0F3C0}.Debug|Any CPU.ActiveCfg = Debug|Any CPU
		{924807AE-8E06-4041-A794-24E911D0F3C0}.Debug|Any CPU.Build.0 = Debug|Any CPU
		{924807AE-8E06-4041-A794-24E911D0F3C0}.Debug|x64.ActiveCfg = Debug|Any CPU
		{924807AE-8E06-4041-A794-24E911D0F3C0}.Debug|x64.Build.0 = Debug|Any CPU
		{924807AE-8E06-4041-A794-24E911D0F3C0}.Debug|x86.ActiveCfg = Debug|Any CPU
		{924807AE-8E06-4041-A794-24E911D0F3C0}.Debug|x86.Build.0 = Debug|Any CPU
		{924807AE-8E06-4041-A794-24E911D0F3C0}.Release|Any CPU.ActiveCfg = Release|Any CPU
		{924807AE-8E06-4041-A794-24E911D0F3C0}.Release|Any CPU.Build.0 = Release|Any CPU
		{924807AE-8E06-4041-A794-24E911D0F3C0}.Release|x64.ActiveCfg = Release|Any CPU
		{924807AE-8E06-4041-A794-24E911D0F3C0}.Release|x64.Build.0 = Release|Any CPU
		{924807AE-8E06-4041-A794-24E911D0F3C0}.Release|x86.ActiveCfg = Release|Any CPU
		{924807AE-8E06-4041-A794-24E911D0F3C0}.Release|x86.Build.0 = Release|Any CPU
		{BE6EE4FA-C47F-4EF0-BB80-1F9990D01BB1}.Debug|Any CPU.ActiveCfg = Debug|Any CPU
		{BE6EE4FA-C47F-4EF0-BB80-1F9990D01BB1}.Debug|Any CPU.Build.0 = Debug|Any CPU
		{BE6EE4FA-C47F-4EF0-BB80-1F9990D01BB1}.Debug|x64.ActiveCfg = Debug|Any CPU
		{BE6EE4FA-C47F-4EF0-BB80-1F9990D01BB1}.Debug|x64.Build.0 = Debug|Any CPU
		{BE6EE4FA-C47F-4EF0-BB80-1F9990D01BB1}.Debug|x86.ActiveCfg = Debug|Any CPU
		{BE6EE4FA-C47F-4EF0-BB80-1F9990D01BB1}.Debug|x86.Build.0 = Debug|Any CPU
		{BE6EE4FA-C47F-4EF0-BB80-1F9990D01BB1}.Release|Any CPU.ActiveCfg = Release|Any CPU
		{BE6EE4FA-C47F-4EF0-BB80-1F9990D01BB1}.Release|Any CPU.Build.0 = Release|Any CPU
		{BE6EE4FA-C47F-4EF0-BB80-1F9990D01BB1}.Release|x64.ActiveCfg = Release|Any CPU
		{BE6EE4FA-C47F-4EF0-BB80-1F9990D01BB1}.Release|x64.Build.0 = Release|Any CPU
		{BE6EE4FA-C47F-4EF0-BB80-1F9990D01BB1}.Release|x86.ActiveCfg = Release|Any CPU
		{BE6EE4FA-C47F-4EF0-BB80-1F9990D01BB1}.Release|x86.Build.0 = Release|Any CPU
		{C1619696-D53F-4394-AA68-A2FF542714F3}.Debug|Any CPU.ActiveCfg = Debug|Any CPU
		{C1619696-D53F-4394-AA68-A2FF542714F3}.Debug|Any CPU.Build.0 = Debug|Any CPU
		{C1619696-D53F-4394-AA68-A2FF542714F3}.Debug|x64.ActiveCfg = Debug|Any CPU
		{C1619696-D53F-4394-AA68-A2FF542714F3}.Debug|x64.Build.0 = Debug|Any CPU
		{C1619696-D53F-4394-AA68-A2FF542714F3}.Debug|x86.ActiveCfg = Debug|Any CPU
		{C1619696-D53F-4394-AA68-A2FF542714F3}.Debug|x86.Build.0 = Debug|Any CPU
		{C1619696-D53F-4394-AA68-A2FF542714F3}.Release|Any CPU.ActiveCfg = Release|Any CPU
		{C1619696-D53F-4394-AA68-A2FF542714F3}.Release|Any CPU.Build.0 = Release|Any CPU
		{C1619696-D53F-4394-AA68-A2FF542714F3}.Release|x64.ActiveCfg = Release|Any CPU
		{C1619696-D53F-4394-AA68-A2FF542714F3}.Release|x64.Build.0 = Release|Any CPU
		{C1619696-D53F-4394-AA68-A2FF542714F3}.Release|x86.ActiveCfg = Release|Any CPU
		{C1619696-D53F-4394-AA68-A2FF542714F3}.Release|x86.Build.0 = Release|Any CPU
	EndGlobalSection
	GlobalSection(SolutionProperties) = preSolution
		HideSolutionNode = FALSE
	EndGlobalSection
	GlobalSection(ExtensibilityGlobals) = postSolution
		SolutionGuid = {19824B3E-4911-4AA1-8B69-5B2D5D843F79}
	EndGlobalSection
EndGlobal
